
Microsoft Visual Studio Solution File, Format Version 12.00
# Visual Studio Version 17
VisualStudioVersion = 17.12.35527.113
MinimumVisualStudioVersion = 10.0.40219.1
Project("{8BC9CEB8-8B4A-11D0-8D11-00A0C91BC942}") = "Proiect_SSC", "Proiect_SSC.vcxproj", "{66F3361B-31E4-4A5B-B04B-FA72274F09DD}"
EndProject
Project("{FAE04EC0-301F-11D3-BF4B-00C04F79EFBC}") = "PerformanceGUI", "..\PerformanceGUI\PerformanceGUI.csproj", "{12CF003B-8EA2-4266-838E-D6726AFA1B69}"
EndProject
Global
	GlobalSection(SolutionConfigurationPlatforms) = preSolution
		Debug|Any CPU = Debug|Any CPU
		Debug|x64 = Debug|x64
		Debug|x86 = Debug|x86
		Release|Any CPU = Release|Any CPU
		Release|x64 = Release|x64
		Release|x86 = Release|x86
	EndGlobalSection
	GlobalSection(ProjectConfigurationPlatforms) = postSolution
		{66F3361B-31E4-4A5B-B04B-FA72274F09DD}.Debug|Any CPU.ActiveCfg = Debug|x64
		{66F3361B-31E4-4A5B-B04B-FA72274F09DD}.Debug|Any CPU.Build.0 = Debug|x64
		{66F3361B-31E4-4A5B-B04B-FA72274F09DD}.Debug|x64.ActiveCfg = Debug|x64
		{66F3361B-31E4-4A5B-B04B-FA72274F09DD}.Debug|x64.Build.0 = Debug|x64
		{66F3361B-31E4-4A5B-B04B-FA72274F09DD}.Debug|x86.ActiveCfg = Debug|Win32
		{66F3361B-31E4-4A5B-B04B-FA72274F09DD}.Debug|x86.Build.0 = Debug|Win32
		{66F3361B-31E4-4A5B-B04B-FA72274F09DD}.Release|Any CPU.ActiveCfg = Release|x64
		{66F3361B-31E4-4A5B-B04B-FA72274F09DD}.Release|Any CPU.Build.0 = Release|x64
		{66F3361B-31E4-4A5B-B04B-FA72274F09DD}.Release|x64.ActiveCfg = Release|x64
		{66F3361B-31E4-4A5B-B04B-FA72274F09DD}.Release|x64.Build.0 = Release|x64
		{66F3361B-31E4-4A5B-B04B-FA72274F09DD}.Release|x86.ActiveCfg = Release|Win32
		{66F3361B-31E4-4A5B-B04B-FA72274F09DD}.Release|x86.Build.0 = Release|Win32
		{12CF003B-8EA2-4266-838E-D6726AFA1B69}.Debug|Any CPU.ActiveCfg = Debug|Any CPU
		{12CF003B-8EA2-4266-838E-D6726AFA1B69}.Debug|Any CPU.Build.0 = Debug|Any CPU
		{12CF003B-8EA2-4266-838E-D6726AFA1B69}.Debug|x64.ActiveCfg = Debug|Any CPU
		{12CF003B-8EA2-4266-838E-D6726AFA1B69}.Debug|x64.Build.0 = Debug|Any CPU
		{12CF003B-8EA2-4266-838E-D6726AFA1B69}.Debug|x86.ActiveCfg = Debug|Any CPU
		{12CF003B-8EA2-4266-838E-D6726AFA1B69}.Debug|x86.Build.0 = Debug|Any CPU
		{12CF003B-8EA2-4266-838E-D6726AFA1B69}.Release|Any CPU.ActiveCfg = Release|Any CPU
		{12CF003B-8EA2-4266-838E-D6726AFA1B69}.Release|Any CPU.Build.0 = Release|Any CPU
		{12CF003B-8EA2-4266-838E-D6726AFA1B69}.Release|x64.ActiveCfg = Release|Any CPU
		{12CF003B-8EA2-4266-838E-D6726AFA1B69}.Release|x64.Build.0 = Release|Any CPU
		{12CF003B-8EA2-4266-838E-D6726AFA1B69}.Release|x86.ActiveCfg = Release|Any CPU
		{12CF003B-8EA2-4266-838E-D6726AFA1B69}.Release|x86.Build.0 = Release|Any CPU
	EndGlobalSection
	GlobalSection(SolutionProperties) = preSolution
		HideSolutionNode = FALSE
	EndGlobalSection
EndGlobal
